{
  "name": "cursus",
  "version": "2.341.0",
  "lockfileVersion": 3,
  "requires": true,
  "packages": {
    "": {
      "name": "cursus",
      "version": "2.341.0",
      "hasInstallScript": true,
      "license": "AGPL-3.0-or-later",
      "dependencies": {
        "@azure/msal-node": "^5.1.2",
        "@codemirror/autocomplete": "^6.20.1",
        "@codemirror/commands": "^6.10.3",
        "@codemirror/lang-css": "^6.3.1",
        "@codemirror/lang-html": "^6.4.11",
        "@codemirror/lang-javascript": "^6.2.5",
        "@codemirror/lang-markdown": "^6.5.0",
        "@codemirror/lang-python": "^6.2.1",
        "@codemirror/lang-sql": "^6.10.0",
        "@codemirror/language": "^6.12.3",
        "@codemirror/lint": "^6.9.5",
        "@codemirror/search": "^6.6.0",
        "@codemirror/state": "^6.6.0",
        "@codemirror/view": "^6.41.0",
        "@fontsource-variable/inter": "^5.2.8",
        "@fontsource-variable/plus-jakarta-sans": "^5.2.8",
        "@hocuspocus/provider": "^3.4.4",
        "@hocuspocus/server": "^3.4.4",
        "@marp-team/marp-core": "^4.3.0",
        "@microsoft/microsoft-graph-client": "^3.0.7",
        "@octokit/rest": "^22.0.1",
        "@tiptap/extension-collaboration": "^3.22.3",
        "@tiptap/extension-collaboration-caret": "^3.22.3",
        "@tiptap/extension-placeholder": "^3.22.3",
        "@tiptap/starter-kit": "^3.22.3",
        "@tiptap/vue-3": "^3.22.3",
        "archiver": "^7.0.1",
        "bcryptjs": "^3.0.3",
        "better-sqlite3": "^12.8.0",
        "canvas-confetti": "^1.9.4",
        "codemirror": "^6.0.2",
        "cors": "^2.8.6",
        "dompurify": "^3.4.1",
        "dotenv": "^17.3.1",
        "electron-log": "^5.4.3",
        "electron-updater": "^6.8.3",
        "exceljs": "^4.4.0",
        "express": "^4.22.1",
        "express-rate-limit": "^8.3.1",
        "highlight.js": "^11.11.1",
        "js-yaml": "^4.1.1",
        "jsonwebtoken": "^9.0.3",
        "katex": "^0.16.45",
        "markdown-it": "^14.1.0",
        "markdown-it-katex": "^4.0.0",
        "markdown-it-mermaid": "^0.2.0",
        "markdown-it-tasklists": "^2.1.1",
        "mermaid": "^11.4.2",
        "multiformat": "^2.0.0",
        "node-cron": "^4.0.7",
        "node-fetch": "^3.3.2",
        "pdf-lib": "^1.17.4",
        "prisma": "^6.8.2",
        "sharedb-client": "^2.0.0",
        "socket.io": "^4.8.1",
        "socket.io-client": "^4.8.1",
        "vue": "^3.5.13",
        "vue-router": "^4.5.0",
        "vue-tsc-plugin": "^1.4.2",
        "vuex": "^4.1.0"
      },
      "devDependencies": {
        "@types/bcryptjs": "^2.4.6",
        "@types/better-sqlite3": "^7.6.12",
        "@types/cors": "^2.8.17",
        "@types/express": "^5.0.3",
        "@types/jsonwebtoken": "^9.0.9",
        "@types/node": "^22.7.5",
        "@vitejs/plugin-vue": "^5.2.1",
        "electron": "^34.1.2",
        "electron-builder": "^25.1.8",
        "typescript": "^5.7.3",
        "vite": "^6.3.5"
      }
    },
